
Microsoft Visual Studio Solution File, Format Version 11.00
# Visual Studio 2010
Project("{FAE04EC0-301F-11D3-BF4B-00C04F79EFBC}") = "Simple_3D_Robot", "Simple_3D_Robot\Simple_3D_Robot.csproj", "{9C6E5354-4E71-47CE-8DFD-10CF2C6EAC85}"
EndProject
Global
	GlobalSection(SolutionConfigurationPlatforms) = preSolution
		Debug|x86 = Debug|x86
		Release|x86 = Release|x86
	EndGlobalSection
	GlobalSection(ProjectConfigurationPlatforms) = postSolution
		{9C6E5354-4E71-47CE-8DFD-10CF2C6EAC85}.Debug|x86.ActiveCfg = Debug|x86
		{9C6E5354-4E71-47CE-8DFD-10CF2C6EAC85}.Debug|x86.Build.0 = Debug|x86
		{9C6E5354-4E71-47CE-8DFD-10CF2C6EAC85}.Release|x86.ActiveCfg = Release|x86
		{9C6E5354-4E71-47CE-8DFD-10CF2C6EAC85}.Release|x86.Build.0 = Release|x86
	EndGlobalSection
	GlobalSection(SolutionProperties) = preSolution
		HideSolutionNode = FALSE
	EndGlobalSection
EndGlobal
