
Microsoft Visual Studio Solution File, Format Version 11.00
# Visual Studio 2010
Project("{FAE04EC0-301F-11D3-BF4B-00C04F79EFBC}") = "JdjDelta", "JdjDelta\JdjDelta.csproj", "{D9C6E2B7-DBA8-4176-92EB-5E0F19FF868F}"
EndProject
Global
	GlobalSection(SolutionConfigurationPlatforms) = preSolution
		Debug|x86 = Debug|x86
		Release|x86 = Release|x86
	EndGlobalSection
	GlobalSection(ProjectConfigurationPlatforms) = postSolution
		{D9C6E2B7-DBA8-4176-92EB-5E0F19FF868F}.Debug|x86.ActiveCfg = Debug|x86
		{D9C6E2B7-DBA8-4176-92EB-5E0F19FF868F}.Debug|x86.Build.0 = Debug|x86
		{D9C6E2B7-DBA8-4176-92EB-5E0F19FF868F}.Release|x86.ActiveCfg = Release|x86
		{D9C6E2B7-DBA8-4176-92EB-5E0F19FF868F}.Release|x86.Build.0 = Release|x86
	EndGlobalSection
	GlobalSection(SolutionProperties) = preSolution
		HideSolutionNode = FALSE
	EndGlobalSection
EndGlobal
