
Microsoft Visual Studio Solution File, Format Version 11.00
# Visual Studio 2010
Project("{FAE04EC0-301F-11D3-BF4B-00C04F79EFBC}") = "Ex14_Exe", "Ex14_Exe\Ex14_Exe.csproj", "{DB51F94C-DB56-410D-881E-9E4851525FA2}"
EndProject
Global
	GlobalSection(SolutionConfigurationPlatforms) = preSolution
		Debug|x86 = Debug|x86
		Release|x86 = Release|x86
	EndGlobalSection
	GlobalSection(ProjectConfigurationPlatforms) = postSolution
		{DB51F94C-DB56-410D-881E-9E4851525FA2}.Debug|x86.ActiveCfg = Debug|x86
		{DB51F94C-DB56-410D-881E-9E4851525FA2}.Debug|x86.Build.0 = Debug|x86
		{DB51F94C-DB56-410D-881E-9E4851525FA2}.Release|x86.ActiveCfg = Release|x86
		{DB51F94C-DB56-410D-881E-9E4851525FA2}.Release|x86.Build.0 = Release|x86
	EndGlobalSection
	GlobalSection(SolutionProperties) = preSolution
		HideSolutionNode = FALSE
	EndGlobalSection
EndGlobal
